
Microsoft Visual Studio Solution File, Format Version 12.00
# Visual Studio Version 17
VisualStudioVersion = 17.0.31903.59
MinimumVisualStudioVersion = 10.0.40219.1
Project("{2150E333-8FDC-42A3-9474-1A3956D46DE8}") = "src", "src", "{827E0CD3-B72D-47B6-A68D-7590B98EB39B}"
EndProject
Project("{FAE04EC0-301F-11D3-BF4B-00C04F79EFBC}") = "EndOfDayTime.Core", "src\EndOfDayTime.Core\EndOfDayTime.Core.csproj", "{051F9235-D915-47B3-BBC9-356B86B227F9}"
EndProject
Project("{2150E333-8FDC-42A3-9474-1A3956D46DE8}") = "tests", "tests", "{0AB3BF05-4346-4AA6-1389-037BE0695223}"
EndProject
Project("{FAE04EC0-301F-11D3-BF4B-00C04F79EFBC}") = "EndOfDayTime.Core.Tests", "tests\EndOfDayTime.Core.Tests\EndOfDayTime.Core.Tests.csproj", "{FE19B56B-A74E-4F36-8029-46507728DD3B}"
EndProject
Project("{FAE04EC0-301F-11D3-BF4B-00C04F79EFBC}") = "EndOfDayTime.EntityFramework", "src\EndOfDayTime.EntityFramework\EndOfDayTime.EntityFramework.csproj", "{14D5CF34-434E-47CE-8518-DBA3B89B8863}"
EndProject
Project("{FAE04EC0-301F-11D3-BF4B-00C04F79EFBC}") = "EndOfDayTime.EntityFramework.Tests", "tests\EndOfDayTime.EntityFramework.Tests\EndOfDayTime.EntityFramework.Tests.csproj", "{6EC3B994-31C9-4148-A8F7-2EA7B223E21A}"
EndProject
Project("{FAE04EC0-301F-11D3-BF4B-00C04F79EFBC}") = "EndOfDayTime.Blazor", "src\EndOfDayTime.Blazor\EndOfDayTime.Blazor.csproj", "{285FB834-C750-435A-BF5D-928A4A3D715D}"
EndProject
Project("{FAE04EC0-301F-11D3-BF4B-00C04F79EFBC}") = "EndOfDayTime.Blazor.Tests", "tests\EndOfDayTime.Blazor.Tests\EndOfDayTime.Blazor.Tests.csproj", "{C5CA2A8F-16D4-4244-B1B9-8C3B7DEA3E76}"
EndProject
Project("{FAE04EC0-301F-11D3-BF4B-00C04F79EFBC}") = "EndOfDayTime.Wpf", "src\EndOfDayTime.Wpf\EndOfDayTime.Wpf.csproj", "{63C0781E-C008-4AFB-9806-356296EC7B2D}"
EndProject
Project("{FAE04EC0-301F-11D3-BF4B-00C04F79EFBC}") = "EndOfDayTime.Wpf.Tests", "tests\EndOfDayTime.Wpf.Tests\EndOfDayTime.Wpf.Tests.csproj", "{F0499EB4-F174-4ADB-A169-F20AD4B35F14}"
EndProject
Project("{FAE04EC0-301F-11D3-BF4B-00C04F79EFBC}") = "EndOfDayTime.WinForms", "src\EndOfDayTime.WinForms\EndOfDayTime.WinForms.csproj", "{263D222A-6BBE-410A-A3C1-E88382BFF994}"
EndProject
Project("{FAE04EC0-301F-11D3-BF4B-00C04F79EFBC}") = "EndOfDayTime.WinForms.Tests", "tests\EndOfDayTime.WinForms.Tests\EndOfDayTime.WinForms.Tests.csproj", "{C4DACB25-DEA0-40D6-9BE2-66D5CF0EFAE3}"
EndProject
Project("{2150E333-8FDC-42A3-9474-1A3956D46DE8}") = "samples", "samples", "{5D20AA90-6969-D8BD-9DCD-8634F4692FDA}"
EndProject
Project("{2150E333-8FDC-42A3-9474-1A3956D46DE8}") = "ConsoleApp", "ConsoleApp", "{5E22CFD8-348D-DBEB-21E3-AF9465E313BF}"
EndProject
Project("{FAE04EC0-301F-11D3-BF4B-00C04F79EFBC}") = "EndOfDayTime.Sample.Console", "samples\ConsoleApp\EndOfDayTime.Sample.Console.csproj", "{E7309714-DAAC-498F-A403-C6B441A852D8}"
EndProject
Project("{2150E333-8FDC-42A3-9474-1A3956D46DE8}") = "AspNetApi", "AspNetApi", "{E5C092D5-83C9-ED8D-3E14-03DF741B5905}"
EndProject
Project("{FAE04EC0-301F-11D3-BF4B-00C04F79EFBC}") = "EndOfDayTime.Sample.AspNetApi", "samples\AspNetApi\EndOfDayTime.Sample.AspNetApi.csproj", "{24B33A78-EDEC-4C35-B192-655645F28302}"
EndProject
Project("{2150E333-8FDC-42A3-9474-1A3956D46DE8}") = "WinFormsApp", "WinFormsApp", "{C885F1F3-8A1F-04D5-90E4-AA0ACE9B3956}"
EndProject
Project("{FAE04EC0-301F-11D3-BF4B-00C04F79EFBC}") = "EndOfDayTime.Sample.WinForms", "samples\WinFormsApp\EndOfDayTime.Sample.WinForms.csproj", "{406C940A-6F7C-458A-9C69-728280AFF564}"
EndProject
Project("{2150E333-8FDC-42A3-9474-1A3956D46DE8}") = "WpfApp", "WpfApp", "{94D4F74B-0B9D-5128-0FD3-54103545AD23}"
EndProject
Project("{FAE04EC0-301F-11D3-BF4B-00C04F79EFBC}") = "EndOfDayTime.Sample.Wpf", "samples\WpfApp\EndOfDayTime.Sample.Wpf.csproj", "{0F57E48F-2B27-4F2A-AA99-357F759E046B}"
EndProject
Project("{2150E333-8FDC-42A3-9474-1A3956D46DE8}") = "BlazorApp", "BlazorApp", "{E9D5EE34-7421-2990-5BCC-7575AD385A5E}"
EndProject
Project("{FAE04EC0-301F-11D3-BF4B-00C04F79EFBC}") = "EndOfDayTime.Sample.Blazor", "samples\BlazorApp\EndOfDayTime.Sample.Blazor.csproj", "{C368BF16-4D3C-4CEF-8CA8-E9E759625CDB}"
EndProject
Global
	GlobalSection(SolutionConfigurationPlatforms) = preSolution
		Debug|Any CPU = Debug|Any CPU
		Debug|x64 = Debug|x64
		Debug|x86 = Debug|x86
		Release|Any CPU = Release|Any CPU
		Release|x64 = Release|x64
		Release|x86 = Release|x86
	EndGlobalSection
	GlobalSection(ProjectConfigurationPlatforms) = postSolution
		{051F9235-D915-47B3-BBC9-356B86B227F9}.Debug|Any CPU.ActiveCfg = Debug|Any CPU
		{051F9235-D915-47B3-BBC9-356B86B227F9}.Debug|Any CPU.Build.0 = Debug|Any CPU
		{051F9235-D915-47B3-BBC9-356B86B227F9}.Debug|x64.ActiveCfg = Debug|Any CPU
		{051F9235-D915-47B3-BBC9-356B86B227F9}.Debug|x64.Build.0 = Debug|Any CPU
		{051F9235-D915-47B3-BBC9-356B86B227F9}.Debug|x86.ActiveCfg = Debug|Any CPU
		{051F9235-D915-47B3-BBC9-356B86B227F9}.Debug|x86.Build.0 = Debug|Any CPU
		{051F9235-D915-47B3-BBC9-356B86B227F9}.Release|Any CPU.ActiveCfg = Release|Any CPU
		{051F9235-D915-47B3-BBC9-356B86B227F9}.Release|Any CPU.Build.0 = Release|Any CPU
		{051F9235-D915-47B3-BBC9-356B86B227F9}.Release|x64.ActiveCfg = Release|Any CPU
		{051F9235-D915-47B3-BBC9-356B86B227F9}.Release|x64.Build.0 = Release|Any CPU
		{051F9235-D915-47B3-BBC9-356B86B227F9}.Release|x86.ActiveCfg = Release|Any CPU
		{051F9235-D915-47B3-BBC9-356B86B227F9}.Release|x86.Build.0 = Release|Any CPU
		{FE19B56B-A74E-4F36-8029-46507728DD3B}.Debug|Any CPU.ActiveCfg = Debug|Any CPU
		{FE19B56B-A74E-4F36-8029-46507728DD3B}.Debug|Any CPU.Build.0 = Debug|Any CPU
		{FE19B56B-A74E-4F36-8029-46507728DD3B}.Debug|x64.ActiveCfg = Debug|Any CPU
		{FE19B56B-A74E-4F36-8029-46507728DD3B}.Debug|x64.Build.0 = Debug|Any CPU
		{FE19B56B-A74E-4F36-8029-46507728DD3B}.Debug|x86.ActiveCfg = Debug|Any CPU
		{FE19B56B-A74E-4F36-8029-46507728DD3B}.Debug|x86.Build.0 = Debug|Any CPU
		{FE19B56B-A74E-4F36-8029-46507728DD3B}.Release|Any CPU.ActiveCfg = Release|Any CPU
		{FE19B56B-A74E-4F36-8029-46507728DD3B}.Release|Any CPU.Build.0 = Release|Any CPU
		{FE19B56B-A74E-4F36-8029-46507728DD3B}.Release|x64.ActiveCfg = Release|Any CPU
		{FE19B56B-A74E-4F36-8029-46507728DD3B}.Release|x64.Build.0 = Release|Any CPU
		{FE19B56B-A74E-4F36-8029-46507728DD3B}.Release|x86.ActiveCfg = Release|Any CPU
		{FE19B56B-A74E-4F36-8029-46507728DD3B}.Release|x86.Build.0 = Release|Any CPU
		{14D5CF34-434E-47CE-8518-DBA3B89B8863}.Debug|Any CPU.ActiveCfg = Debug|Any CPU
		{14D5CF34-434E-47CE-8518-DBA3B89B8863}.Debug|Any CPU.Build.0 = Debug|Any CPU
		{14D5CF34-434E-47CE-8518-DBA3B89B8863}.Debug|x64.ActiveCfg = Debug|Any CPU
		{14D5CF34-434E-47CE-8518-DBA3B89B8863}.Debug|x64.Build.0 = Debug|Any CPU
		{14D5CF34-434E-47CE-8518-DBA3B89B8863}.Debug|x86.ActiveCfg = Debug|Any CPU
		{14D5CF34-434E-47CE-8518-DBA3B89B8863}.Debug|x86.Build.0 = Debug|Any CPU
		{14D5CF34-434E-47CE-8518-DBA3B89B8863}.Release|Any CPU.ActiveCfg = Release|Any CPU
		{14D5CF34-434E-47CE-8518-DBA3B89B8863}.Release|Any CPU.Build.0 = Release|Any CPU
		{14D5CF34-434E-47CE-8518-DBA3B89B8863}.Release|x64.ActiveCfg = Release|Any CPU
		{14D5CF34-434E-47CE-8518-DBA3B89B8863}.Release|x64.Build.0 = Release|Any CPU
		{14D5CF34-434E-47CE-8518-DBA3B89B8863}.Release|x86.ActiveCfg = Release|Any CPU
		{14D5CF34-434E-47CE-8518-DBA3B89B8863}.Release|x86.Build.0 = Release|Any CPU
		{6EC3B994-31C9-4148-A8F7-2EA7B223E21A}.Debug|Any CPU.ActiveCfg = Debug|Any CPU
		{6EC3B994-31C9-4148-A8F7-2EA7B223E21A}.Debug|Any CPU.Build.0 = Debug|Any CPU
		{6EC3B994-31C9-4148-A8F7-2EA7B223E21A}.Debug|x64.ActiveCfg = Debug|Any CPU
		{6EC3B994-31C9-4148-A8F7-2EA7B223E21A}.Debug|x64.Build.0 = Debug|Any CPU
		{6EC3B994-31C9-4148-A8F7-2EA7B223E21A}.Debug|x86.ActiveCfg = Debug|Any CPU
		{6EC3B994-31C9-4148-A8F7-2EA7B223E21A}.Debug|x86.Build.0 = Debug|Any CPU
		{6EC3B994-31C9-4148-A8F7-2EA7B223E21A}.Release|Any CPU.ActiveCfg = Release|Any CPU
		{6EC3B994-31C9-4148-A8F7-2EA7B223E21A}.Release|Any CPU.Build.0 = Release|Any CPU
		{6EC3B994-31C9-4148-A8F7-2EA7B223E21A}.Release|x64.ActiveCfg = Release|Any CPU
		{6EC3B994-31C9-4148-A8F7-2EA7B223E21A}.Release|x64.Build.0 = Release|Any CPU
		{6EC3B994-31C9-4148-A8F7-2EA7B223E21A}.Release|x86.ActiveCfg = Release|Any CPU
		{6EC3B994-31C9-4148-A8F7-2EA7B223E21A}.Release|x86.Build.0 = Release|Any CPU
		{285FB834-C750-435A-BF5D-928A4A3D715D}.Debug|Any CPU.ActiveCfg = Debug|Any CPU
		{285FB834-C750-435A-BF5D-928A4A3D715D}.Debug|Any CPU.Build.0 = Debug|Any CPU
		{285FB834-C750-435A-BF5D-928A4A3D715D}.Debug|x64.ActiveCfg = Debug|Any CPU
		{285FB834-C750-435A-BF5D-928A4A3D715D}.Debug|x64.Build.0 = Debug|Any CPU
		{285FB834-C750-435A-BF5D-928A4A3D715D}.Debug|x86.ActiveCfg = Debug|Any CPU
		{285FB834-C750-435A-BF5D-928A4A3D715D}.Debug|x86.Build.0 = Debug|Any CPU
		{285FB834-C750-435A-BF5D-928A4A3D715D}.Release|Any CPU.ActiveCfg = Release|Any CPU
		{285FB834-C750-435A-BF5D-928A4A3D715D}.Release|Any CPU.Build.0 = Release|Any CPU
		{285FB834-C750-435A-BF5D-928A4A3D715D}.Release|x64.ActiveCfg = Release|Any CPU
		{285FB834-C750-435A-BF5D-928A4A3D715D}.Release|x64.Build.0 = Release|Any CPU
		{285FB834-C750-435A-BF5D-928A4A3D715D}.Release|x86.ActiveCfg = Release|Any CPU
		{285FB834-C750-435A-BF5D-928A4A3D715D}.Release|x86.Build.0 = Release|Any CPU
		{C5CA2A8F-16D4-4244-B1B9-8C3B7DEA3E76}.Debug|Any CPU.ActiveCfg = Debug|Any CPU
		{C5CA2A8F-16D4-4244-B1B9-8C3B7DEA3E76}.Debug|Any CPU.Build.0 = Debug|Any CPU
		{C5CA2A8F-16D4-4244-B1B9-8C3B7DEA3E76}.Debug|x64.ActiveCfg = Debug|Any CPU
		{C5CA2A8F-16D4-4244-B1B9-8C3B7DEA3E76}.Debug|x64.Build.0 = Debug|Any CPU
		{C5CA2A8F-16D4-4244-B1B9-8C3B7DEA3E76}.Debug|x86.ActiveCfg = Debug|Any CPU
		{C5CA2A8F-16D4-4244-B1B9-8C3B7DEA3E76}.Debug|x86.Build.0 = Debug|Any CPU
		{C5CA2A8F-16D4-4244-B1B9-8C3B7DEA3E76}.Release|Any CPU.ActiveCfg = Release|Any CPU
		{C5CA2A8F-16D4-4244-B1B9-8C3B7DEA3E76}.Release|Any CPU.Build.0 = Release|Any CPU
		{C5CA2A8F-16D4-4244-B1B9-8C3B7DEA3E76}.Release|x64.ActiveCfg = Release|Any CPU
		{C5CA2A8F-16D4-4244-B1B9-8C3B7DEA3E76}.Release|x64.Build.0 = Release|Any CPU
		{C5CA2A8F-16D4-4244-B1B9-8C3B7DEA3E76}.Release|x86.ActiveCfg = Release|Any CPU
		{C5CA2A8F-16D4-4244-B1B9-8C3B7DEA3E76}.Release|x86.Build.0 = Release|Any CPU
		{63C0781E-C008-4AFB-9806-356296EC7B2D}.Debug|Any CPU.ActiveCfg = Debug|Any CPU
		{63C0781E-C008-4AFB-9806-356296EC7B2D}.Debug|Any CPU.Build.0 = Debug|Any CPU
		{63C0781E-C008-4AFB-9806-356296EC7B2D}.Debug|x64.ActiveCfg = Debug|Any CPU
		{63C0781E-C008-4AFB-9806-356296EC7B2D}.Debug|x64.Build.0 = Debug|Any CPU
		{63C0781E-C008-4AFB-9806-356296EC7B2D}.Debug|x86.ActiveCfg = Debug|Any CPU
		{63C0781E-C008-4AFB-9806-356296EC7B2D}.Debug|x86.Build.0 = Debug|Any CPU
		{63C0781E-C008-4AFB-9806-356296EC7B2D}.Release|Any CPU.ActiveCfg = Release|Any CPU
		{63C0781E-C008-4AFB-9806-356296EC7B2D}.Release|Any CPU.Build.0 = Release|Any CPU
		{63C0781E-C008-4AFB-9806-356296EC7B2D}.Release|x64.ActiveCfg = Release|Any CPU
		{63C0781E-C008-4AFB-9806-356296EC7B2D}.Release|x64.Build.0 = Release|Any CPU
		{63C0781E-C008-4AFB-9806-356296EC7B2D}.Release|x86.ActiveCfg = Release|Any CPU
		{63C0781E-C008-4AFB-9806-356296EC7B2D}.Release|x86.Build.0 = Release|Any CPU
		{F0499EB4-F174-4ADB-A169-F20AD4B35F14}.Debug|Any CPU.ActiveCfg = Debug|Any CPU
		{F0499EB4-F174-4ADB-A169-F20AD4B35F14}.Debug|Any CPU.Build.0 = Debug|Any CPU
		{F0499EB4-F174-4ADB-A169-F20AD4B35F14}.Debug|x64.ActiveCfg = Debug|Any CPU
		{F0499EB4-F174-4ADB-A169-F20AD4B35F14}.Debug|x64.Build.0 = Debug|Any CPU
		{F0499EB4-F174-4ADB-A169-F20AD4B35F14}.Debug|x86.ActiveCfg = Debug|Any CPU
		{F0499EB4-F174-4ADB-A169-F20AD4B35F14}.Debug|x86.Build.0 = Debug|Any CPU
		{F0499EB4-F174-4ADB-A169-F20AD4B35F14}.Release|Any CPU.ActiveCfg = Release|Any CPU
		{F0499EB4-F174-4ADB-A169-F20AD4B35F14}.Release|Any CPU.Build.0 = Release|Any CPU
		{F0499EB4-F174-4ADB-A169-F20AD4B35F14}.Release|x64.ActiveCfg = Release|Any CPU
		{F0499EB4-F174-4ADB-A169-F20AD4B35F14}.Release|x64.Build.0 = Release|Any CPU
		{F0499EB4-F174-4ADB-A169-F20AD4B35F14}.Release|x86.ActiveCfg = Release|Any CPU
		{F0499EB4-F174-4ADB-A169-F20AD4B35F14}.Release|x86.Build.0 = Release|Any CPU
		{263D222A-6BBE-410A-A3C1-E88382BFF994}.Debug|Any CPU.ActiveCfg = Debug|Any CPU
		{263D222A-6BBE-410A-A3C1-E88382BFF994}.Debug|Any CPU.Build.0 = Debug|Any CPU
		{263D222A-6BBE-410A-A3C1-E88382BFF994}.Debug|x64.ActiveCfg = Debug|Any CPU
		{263D222A-6BBE-410A-A3C1-E88382BFF994}.Debug|x64.Build.0 = Debug|Any CPU
		{263D222A-6BBE-410A-A3C1-E88382BFF994}.Debug|x86.ActiveCfg = Debug|Any CPU
		{263D222A-6BBE-410A-A3C1-E88382BFF994}.Debug|x86.Build.0 = Debug|Any CPU
		{263D222A-6BBE-410A-A3C1-E88382BFF994}.Release|Any CPU.ActiveCfg = Release|Any CPU
		{263D222A-6BBE-410A-A3C1-E88382BFF994}.Release|Any CPU.Build.0 = Release|Any CPU
		{263D222A-6BBE-410A-A3C1-E88382BFF994}.Release|x64.ActiveCfg = Release|Any CPU
		{263D222A-6BBE-410A-A3C1-E88382BFF994}.Release|x64.Build.0 = Release|Any CPU
		{263D222A-6BBE-410A-A3C1-E88382BFF994}.Release|x86.ActiveCfg = Release|Any CPU
		{263D222A-6BBE-410A-A3C1-E88382BFF994}.Release|x86.Build.0 = Release|Any CPU
		{C4DACB25-DEA0-40D6-9BE2-66D5CF0EFAE3}.Debug|Any CPU.ActiveCfg = Debug|Any CPU
		{C4DACB25-DEA0-40D6-9BE2-66D5CF0EFAE3}.Debug|Any CPU.Build.0 = Debug|Any CPU
		{C4DACB25-DEA0-40D6-9BE2-66D5CF0EFAE3}.Debug|x64.ActiveCfg = Debug|Any CPU
		{C4DACB25-DEA0-40D6-9BE2-66D5CF0EFAE3}.Debug|x64.Build.0 = Debug|Any CPU
		{C4DACB25-DEA0-40D6-9BE2-66D5CF0EFAE3}.Debug|x86.ActiveCfg = Debug|Any CPU
		{C4DACB25-DEA0-40D6-9BE2-66D5CF0EFAE3}.Debug|x86.Build.0 = Debug|Any CPU
		{C4DACB25-DEA0-40D6-9BE2-66D5CF0EFAE3}.Release|Any CPU.ActiveCfg = Release|Any CPU
		{C4DACB25-DEA0-40D6-9BE2-66D5CF0EFAE3}.Release|Any CPU.Build.0 = Release|Any CPU
		{C4DACB25-DEA0-40D6-9BE2-66D5CF0EFAE3}.Release|x64.ActiveCfg = Release|Any CPU
		{C4DACB25-DEA0-40D6-9BE2-66D5CF0EFAE3}.Release|x64.Build.0 = Release|Any CPU
		{C4DACB25-DEA0-40D6-9BE2-66D5CF0EFAE3}.Release|x86.ActiveCfg = Release|Any CPU
		{C4DACB25-DEA0-40D6-9BE2-66D5CF0EFAE3}.Release|x86.Build.0 = Release|Any CPU
		{E7309714-DAAC-498F-A403-C6B441A852D8}.Debug|Any CPU.ActiveCfg = Debug|Any CPU
		{E7309714-DAAC-498F-A403-C6B441A852D8}.Debug|Any CPU.Build.0 = Debug|Any CPU
		{E7309714-DAAC-498F-A403-C6B441A852D8}.Debug|x64.ActiveCfg = Debug|Any CPU
		{E7309714-DAAC-498F-A403-C6B441A852D8}.Debug|x64.Build.0 = Debug|Any CPU
		{E7309714-DAAC-498F-A403-C6B441A852D8}.Debug|x86.ActiveCfg = Debug|Any CPU
		{E7309714-DAAC-498F-A403-C6B441A852D8}.Debug|x86.Build.0 = Debug|Any CPU
		{E7309714-DAAC-498F-A403-C6B441A852D8}.Release|Any CPU.ActiveCfg = Release|Any CPU
		{E7309714-DAAC-498F-A403-C6B441A852D8}.Release|Any CPU.Build.0 = Release|Any CPU
		{E7309714-DAAC-498F-A403-C6B441A852D8}.Release|x64.ActiveCfg = Release|Any CPU
		{E7309714-DAAC-498F-A403-C6B441A852D8}.Release|x64.Build.0 = Release|Any CPU
		{E7309714-DAAC-498F-A403-C6B441A852D8}.Release|x86.ActiveCfg = Release|Any CPU
		{E7309714-DAAC-498F-A403-C6B441A852D8}.Release|x86.Build.0 = Release|Any CPU
		{24B33A78-EDEC-4C35-B192-655645F28302}.Debug|Any CPU.ActiveCfg = Debug|Any CPU
		{24B33A78-EDEC-4C35-B192-655645F28302}.Debug|Any CPU.Build.0 = Debug|Any CPU
		{24B33A78-EDEC-4C35-B192-655645F28302}.Debug|x64.ActiveCfg = Debug|Any CPU
		{24B33A78-EDEC-4C35-B192-655645F28302}.Debug|x64.Build.0 = Debug|Any CPU
		{24B33A78-EDEC-4C35-B192-655645F28302}.Debug|x86.ActiveCfg = Debug|Any CPU
		{24B33A78-EDEC-4C35-B192-655645F28302}.Debug|x86.Build.0 = Debug|Any CPU
		{24B33A78-EDEC-4C35-B192-655645F28302}.Release|Any CPU.ActiveCfg = Release|Any CPU
		{24B33A78-EDEC-4C35-B192-655645F28302}.Release|Any CPU.Build.0 = Release|Any CPU
		{24B33A78-EDEC-4C35-B192-655645F28302}.Release|x64.ActiveCfg = Release|Any CPU
		{24B33A78-EDEC-4C35-B192-655645F28302}.Release|x64.Build.0 = Release|Any CPU
		{24B33A78-EDEC-4C35-B192-655645F28302}.Release|x86.ActiveCfg = Release|Any CPU
		{24B33A78-EDEC-4C35-B192-655645F28302}.Release|x86.Build.0 = Release|Any CPU
		{406C940A-6F7C-458A-9C69-728280AFF564}.Debug|Any CPU.ActiveCfg = Debug|Any CPU
		{406C940A-6F7C-458A-9C69-728280AFF564}.Debug|Any CPU.Build.0 = Debug|Any CPU
		{406C940A-6F7C-458A-9C69-728280AFF564}.Debug|x64.ActiveCfg = Debug|Any CPU
		{406C940A-6F7C-458A-9C69-728280AFF564}.Debug|x64.Build.0 = Debug|Any CPU
		{406C940A-6F7C-458A-9C69-728280AFF564}.Debug|x86.ActiveCfg = Debug|Any CPU
		{406C940A-6F7C-458A-9C69-728280AFF564}.Debug|x86.Build.0 = Debug|Any CPU
		{406C940A-6F7C-458A-9C69-728280AFF564}.Release|Any CPU.ActiveCfg = Release|Any CPU
		{406C940A-6F7C-458A-9C69-728280AFF564}.Release|Any CPU.Build.0 = Release|Any CPU
		{406C940A-6F7C-458A-9C69-728280AFF564}.Release|x64.ActiveCfg = Release|Any CPU
		{406C940A-6F7C-458A-9C69-728280AFF564}.Release|x64.Build.0 = Release|Any CPU
		{406C940A-6F7C-458A-9C69-728280AFF564}.Release|x86.ActiveCfg = Release|Any CPU
		{406C940A-6F7C-458A-9C69-728280AFF564}.Release|x86.Build.0 = Release|Any CPU
		{0F57E48F-2B27-4F2A-AA99-357F759E046B}.Debug|Any CPU.ActiveCfg = Debug|Any CPU
		{0F57E48F-2B27-4F2A-AA99-357F759E046B}.Debug|Any CPU.Build.0 = Debug|Any CPU
		{0F57E48F-2B27-4F2A-AA99-357F759E046B}.Debug|x64.ActiveCfg = Debug|Any CPU
		{0F57E48F-2B27-4F2A-AA99-357F759E046B}.Debug|x64.Build.0 = Debug|Any CPU
		{0F57E48F-2B27-4F2A-AA99-357F759E046B}.Debug|x86.ActiveCfg = Debug|Any CPU
		{0F57E48F-2B27-4F2A-AA99-357F759E046B}.Debug|x86.Build.0 = Debug|Any CPU
		{0F57E48F-2B27-4F2A-AA99-357F759E046B}.Release|Any CPU.ActiveCfg = Release|Any CPU
		{0F57E48F-2B27-4F2A-AA99-357F759E046B}.Release|Any CPU.Build.0 = Release|Any CPU
		{0F57E48F-2B27-4F2A-AA99-357F759E046B}.Release|x64.ActiveCfg = Release|Any CPU
		{0F57E48F-2B27-4F2A-AA99-357F759E046B}.Release|x64.Build.0 = Release|Any CPU
		{0F57E48F-2B27-4F2A-AA99-357F759E046B}.Release|x86.ActiveCfg = Release|Any CPU
		{0F57E48F-2B27-4F2A-AA99-357F759E046B}.Release|x86.Build.0 = Release|Any CPU
		{C368BF16-4D3C-4CEF-8CA8-E9E759625CDB}.Debug|Any CPU.ActiveCfg = Debug|Any CPU
		{C368BF16-4D3C-4CEF-8CA8-E9E759625CDB}.Debug|Any CPU.Build.0 = Debug|Any CPU
		{C368BF16-4D3C-4CEF-8CA8-E9E759625CDB}.Debug|x64.ActiveCfg = Debug|Any CPU
		{C368BF16-4D3C-4CEF-8CA8-E9E759625CDB}.Debug|x64.Build.0 = Debug|Any CPU
		{C368BF16-4D3C-4CEF-8CA8-E9E759625CDB}.Debug|x86.ActiveCfg = Debug|Any CPU
		{C368BF16-4D3C-4CEF-8CA8-E9E759625CDB}.Debug|x86.Build.0 = Debug|Any CPU
		{C368BF16-4D3C-4CEF-8CA8-E9E759625CDB}.Release|Any CPU.ActiveCfg = Release|Any CPU
		{C368BF16-4D3C-4CEF-8CA8-E9E759625CDB}.Release|Any CPU.Build.0 = Release|Any CPU
		{C368BF16-4D3C-4CEF-8CA8-E9E759625CDB}.Release|x64.ActiveCfg = Release|Any CPU
		{C368BF16-4D3C-4CEF-8CA8-E9E759625CDB}.Release|x64.Build.0 = Release|Any CPU
		{C368BF16-4D3C-4CEF-8CA8-E9E759625CDB}.Release|x86.ActiveCfg = Release|Any CPU
		{C368BF16-4D3C-4CEF-8CA8-E9E759625CDB}.Release|x86.Build.0 = Release|Any CPU
	EndGlobalSection
	GlobalSection(SolutionProperties) = preSolution
		HideSolutionNode = FALSE
	EndGlobalSection
	GlobalSection(NestedProjects) = preSolution
		{051F9235-D915-47B3-BBC9-356B86B227F9} = {827E0CD3-B72D-47B6-A68D-7590B98EB39B}
		{FE19B56B-A74E-4F36-8029-46507728DD3B} = {0AB3BF05-4346-4AA6-1389-037BE0695223}
		{14D5CF34-434E-47CE-8518-DBA3B89B8863} = {827E0CD3-B72D-47B6-A68D-7590B98EB39B}
		{6EC3B994-31C9-4148-A8F7-2EA7B223E21A} = {0AB3BF05-4346-4AA6-1389-037BE0695223}
		{285FB834-C750-435A-BF5D-928A4A3D715D} = {827E0CD3-B72D-47B6-A68D-7590B98EB39B}
		{C5CA2A8F-16D4-4244-B1B9-8C3B7DEA3E76} = {0AB3BF05-4346-4AA6-1389-037BE0695223}
		{63C0781E-C008-4AFB-9806-356296EC7B2D} = {827E0CD3-B72D-47B6-A68D-7590B98EB39B}
		{F0499EB4-F174-4ADB-A169-F20AD4B35F14} = {0AB3BF05-4346-4AA6-1389-037BE0695223}
		{263D222A-6BBE-410A-A3C1-E88382BFF994} = {827E0CD3-B72D-47B6-A68D-7590B98EB39B}
		{C4DACB25-DEA0-40D6-9BE2-66D5CF0EFAE3} = {0AB3BF05-4346-4AA6-1389-037BE0695223}
		{5E22CFD8-348D-DBEB-21E3-AF9465E313BF} = {5D20AA90-6969-D8BD-9DCD-8634F4692FDA}
		{E7309714-DAAC-498F-A403-C6B441A852D8} = {5E22CFD8-348D-DBEB-21E3-AF9465E313BF}
		{E5C092D5-83C9-ED8D-3E14-03DF741B5905} = {5D20AA90-6969-D8BD-9DCD-8634F4692FDA}
		{24B33A78-EDEC-4C35-B192-655645F28302} = {E5C092D5-83C9-ED8D-3E14-03DF741B5905}
		{C885F1F3-8A1F-04D5-90E4-AA0ACE9B3956} = {5D20AA90-6969-D8BD-9DCD-8634F4692FDA}
		{406C940A-6F7C-458A-9C69-728280AFF564} = {C885F1F3-8A1F-04D5-90E4-AA0ACE9B3956}
		{94D4F74B-0B9D-5128-0FD3-54103545AD23} = {5D20AA90-6969-D8BD-9DCD-8634F4692FDA}
		{0F57E48F-2B27-4F2A-AA99-357F759E046B} = {94D4F74B-0B9D-5128-0FD3-54103545AD23}
		{E9D5EE34-7421-2990-5BCC-7575AD385A5E} = {5D20AA90-6969-D8BD-9DCD-8634F4692FDA}
		{C368BF16-4D3C-4CEF-8CA8-E9E759625CDB} = {E9D5EE34-7421-2990-5BCC-7575AD385A5E}
	EndGlobalSection
EndGlobal
